<?xml version="1.0" encoding="utf-8"?>
<Project ToolsVersion="4.0" xmlns="http://schemas.microsoft.com/developer/msbuild/2003">
  <ItemGroup>
    <Filter Include="资源文件">
      <UniqueIdentifier>{67DA6AB6-F800-4c08-8B7A-83BB121AAD01}</UniqueIdentifier>
      <Extensions>rc;ico;cur;bmp;dlg;rc2;rct;bin;rgs;gif;jpg;jpeg;jpe;resx;tiff;tif;png;wav;mfcribbon-ms</Extensions>
    </Filter>
    <Filter Include="Code">
      <UniqueIdentifier>{5cd8265d-add1-40fe-b4ed-62997412c49b}</UniqueIdentifier>
    </Filter>
    <Filter Include="Code\ParticleSystem">
      <UniqueIdentifier>{772fd8a0-7dbe-44b3-9a04-866b9b209266}</UniqueIdentifier>
    </Filter>
    <Filter Include="Code\Reanimation">
      <UniqueIdentifier>{2a4af1d9-45d0-456e-b21f-ffe55a566936}</UniqueIdentifier>
    </Filter>
    <Filter Include="Code\UI">
      <UniqueIdentifier>{0731f7f2-6c95-4404-ad83-44a2d0fe88a6}</UniqueIdentifier>
    </Filter>
    <Filter Include="Code\Game">
      <UniqueIdentifier>{566510ac-13b9-4281-a79b-2b61a4e5eb30}</UniqueIdentifier>
    </Filter>
  </ItemGroup>
  <ItemGroup>
    <ClCompile Include="UI\Button.cpp">
      <Filter>Code\UI</Filter>
    </ClCompile>
    <ClCompile Include="UI\ButtonManager.cpp">
      <Filter>Code\UI</Filter>
    </ClCompile>
    <ClCompile Include="UI\InputHandler.cpp">
      <Filter>Code\UI</Filter>
    </ClCompile>
    <ClCompile Include="UI\Slider.cpp">
      <Filter>Code\UI</Filter>
    </ClCompile>
    <ClCompile Include="UI\SliderManager.cpp">
      <Filter>Code\UI</Filter>
    </ClCompile>
    <ClCompile Include="Reanimation\Reanimator.cpp">
      <Filter>Code\Reanimation</Filter>
    </ClCompile>
    <ClCompile Include="Reanimation\ReanimParser.cpp">
      <Filter>Code\Reanimation</Filter>
    </ClCompile>
    <ClCompile Include="Reanimation\SimpleXmlParser.cpp">
      <Filter>Code\Reanimation</Filter>
    </ClCompile>
    <ClCompile Include="Reanimation\XFLParser.cpp">
      <Filter>Code\Reanimation</Filter>
    </ClCompile>
    <ClCompile Include="ParticleSystem\Particle.cpp">
      <Filter>Code\ParticleSystem</Filter>
    </ClCompile>
    <ClCompile Include="ParticleSystem\ParticleConfig.cpp">
      <Filter>Code\ParticleSystem</Filter>
    </ClCompile>
    <ClCompile Include="ParticleSystem\ParticleEmitter.cpp">
      <Filter>Code\ParticleSystem</Filter>
    </ClCompile>
    <ClCompile Include="ParticleSystem\ParticleSystem.cpp">
      <Filter>Code\ParticleSystem</Filter>
    </ClCompile>
    <ClCompile Include="GameApp.cpp">
      <Filter>Code</Filter>
    </ClCompile>
    <ClCompile Include="main.cpp">
      <Filter>Code</Filter>
    </ClCompile>
    <ClCompile Include="ResourceManager.cpp">
      <Filter>Code</Filter>
    </ClCompile>
    <ClCompile Include="Game\AudioSystem.cpp">
      <Filter>Code\Game</Filter>
    </ClCompile>
    <ClCompile Include="Game\Component.cpp">
      <Filter>Code\Game</Filter>
    </ClCompile>
    <ClCompile Include="Game\GameObject.cpp">
      <Filter>Code\Game</Filter>
    </ClCompile>
    <ClCompile Include="Game\Board.cpp">
      <Filter>Code\Game</Filter>
    </ClCompile>
    <ClCompile Include="Game\ClickableComponent.cpp">
      <Filter>Code\Game</Filter>
    </ClCompile>
    <ClCompile Include="Game\ColliderComponent.cpp">
      <Filter>Code\Game</Filter>
    </ClCompile>
  </ItemGroup>
  <ItemGroup>
    <ClInclude Include="UI\Button.h">
      <Filter>Code\UI</Filter>
    </ClInclude>
    <ClInclude Include="UI\ButtonManager.h">
      <Filter>Code\UI</Filter>
    </ClInclude>
    <ClInclude Include="UI\InputHandler.h">
      <Filter>Code\UI</Filter>
    </ClInclude>
    <ClInclude Include="UI\Slider.h">
      <Filter>Code\UI</Filter>
    </ClInclude>
    <ClInclude Include="UI\SliderManager.h">
      <Filter>Code\UI</Filter>
    </ClInclude>
    <ClInclude Include="UI\UIManager.h">
      <Filter>Code\UI</Filter>
    </ClInclude>
    <ClInclude Include="Reanimation\AnimationTypes.h">
      <Filter>Code\Reanimation</Filter>
    </ClInclude>
    <ClInclude Include="Reanimation\Reanimator.h">
      <Filter>Code\Reanimation</Filter>
    </ClInclude>
    <ClInclude Include="Reanimation\ReanimParser.h">
      <Filter>Code\Reanimation</Filter>
    </ClInclude>
    <ClInclude Include="Reanimation\SimpleXmlParser.h">
      <Filter>Code\Reanimation</Filter>
    </ClInclude>
    <ClInclude Include="Reanimation\TodCommon.h">
      <Filter>Code\Reanimation</Filter>
    </ClInclude>
    <ClInclude Include="Reanimation\TodDebug.h">
      <Filter>Code\Reanimation</Filter>
    </ClInclude>
    <ClInclude Include="Reanimation\XFLParser.h">
      <Filter>Code\Reanimation</Filter>
    </ClInclude>
    <ClInclude Include="ParticleSystem\Particle.h">
      <Filter>Code\ParticleSystem</Filter>
    </ClInclude>
    <ClInclude Include="ParticleSystem\ParticleConfig.h">
      <Filter>Code\ParticleSystem</Filter>
    </ClInclude>
    <ClInclude Include="ParticleSystem\ParticleEmitter.h">
      <Filter>Code\ParticleSystem</Filter>
    </ClInclude>
    <ClInclude Include="ParticleSystem\ParticleSystem.h">
      <Filter>Code\ParticleSystem</Filter>
    </ClInclude>
    <ClInclude Include="ConstEnums.h">
      <Filter>Code</Filter>
    </ClInclude>
    <ClInclude Include="GameApp.h">
      <Filter>Code</Filter>
    </ClInclude>
    <ClInclude Include="RendererManager.h">
      <Filter>Code</Filter>
    </ClInclude>
    <ClInclude Include="ResourceManager.h">
      <Filter>Code</Filter>
    </ClInclude>
    <ClInclude Include="TestObject.h">
      <Filter>Code</Filter>
    </ClInclude>
    <ClInclude Include="Game\AnimatedObject.h">
      <Filter>Code\Game</Filter>
    </ClInclude>
    <ClInclude Include="Game\AudioSystem.h">
      <Filter>Code\Game</Filter>
    </ClInclude>
    <ClInclude Include="Game\Board.h">
      <Filter>Code\Game</Filter>
    </ClInclude>
    <ClInclude Include="Game\ClickableComponent.h">
      <Filter>Code\Game</Filter>
    </ClInclude>
    <ClInclude Include="Game\Coin.h">
      <Filter>Code\Game</Filter>
    </ClInclude>
    <ClInclude Include="Game\ColliderComponent.h">
      <Filter>Code\Game</Filter>
    </ClInclude>
    <ClInclude Include="Game\CollisionSystem.h">
      <Filter>Code\Game</Filter>
    </ClInclude>
    <ClInclude Include="Game\Component.h">
      <Filter>Code\Game</Filter>
    </ClInclude>
    <ClInclude Include="Game\Definit.h">
      <Filter>Code\Game</Filter>
    </ClInclude>
    <ClInclude Include="Game\GameObject.h">
      <Filter>Code\Game</Filter>
    </ClInclude>
    <ClInclude Include="Game\GameObjectManager.h">
      <Filter>Code\Game</Filter>
    </ClInclude>
    <ClInclude Include="Game\ReanimationComponent.h">
      <Filter>Code\Game</Filter>
    </ClInclude>
    <ClInclude Include="Game\Sun.h">
      <Filter>Code\Game</Filter>
    </ClInclude>
    <ClInclude Include="Game\TransformComponent.h">
      <Filter>Code\Game</Filter>
    </ClInclude>
    <ClInclude Include="Game\Cell.h">
      <Filter>Code\Game</Filter>
    </ClInclude>
  </ItemGroup>
</Project>